
Microsoft Visual Studio Solution File, Format Version 12.00
# Visual Studio Version 16
VisualStudioVersion = 16.0.35826.135
MinimumVisualStudioVersion = 10.0.40219.1
Project("{FAE04EC0-301F-11D3-BF4B-00C04F79EFBC}") = "[RX]shieldTimer", "[RX]shieldTimer.csproj", "{3BBF9131-4043-468D-A1C2-4493C89972AE}"
EndProject
Global
	GlobalSection(SolutionConfigurationPlatforms) = preSolution
		Debug|Any CPU = Debug|Any CPU
		Release|Any CPU = Release|Any CPU
	EndGlobalSection
	GlobalSection(ProjectConfigurationPlatforms) = postSolution
		{3BBF9131-4043-468D-A1C2-4493C89972AE}.Debug|Any CPU.ActiveCfg = Debug|Any CPU
		{3BBF9131-4043-468D-A1C2-4493C89972AE}.Debug|Any CPU.Build.0 = Debug|Any CPU
		{3BBF9131-4043-468D-A1C2-4493C89972AE}.Release|Any CPU.ActiveCfg = Release|Any CPU
		{3BBF9131-4043-468D-A1C2-4493C89972AE}.Release|Any CPU.Build.0 = Release|Any CPU
	EndGlobalSection
	GlobalSection(SolutionProperties) = preSolution
		HideSolutionNode = FALSE
	EndGlobalSection
	GlobalSection(ExtensibilityGlobals) = postSolution
		SolutionGuid = {C2EC5880-CBD2-4937-9910-C22822AF03AF}
	EndGlobalSection
EndGlobal
